
Microsoft Visual Studio Solution File, Format Version 12.00
# Visual Studio 2013
VisualStudioVersion = 12.0.30501.0
MinimumVisualStudioVersion = 10.0.40219.1
Project("{FAE04EC0-301F-11D3-BF4B-00C04F79EFBC}") = "DiagramTool", "DiagramTool\DiagramTool.csproj", "{826C3E38-4B6F-4A58-85BD-9237808FA864}"
EndProject
Project("{FAE04EC0-301F-11D3-BF4B-00C04F79EFBC}") = "Model", "Model\Model.csproj", "{64AB4B7C-9F09-431F-BBFA-BF9130856247}"
EndProject
Project("{FAE04EC0-301F-11D3-BF4B-00C04F79EFBC}") = "LineCaps", "LineCaps\LineCaps.csproj", "{3E45331E-FEF4-43F2-B6EB-B55E3E501B03}"
EndProject
Project("{FAE04EC0-301F-11D3-BF4B-00C04F79EFBC}") = "UnitTest", "UnitTest\UnitTest.csproj", "{E2E13EAD-E8CA-4623-B4BA-027F44EF58D5}"
EndProject
Global
	GlobalSection(SolutionConfigurationPlatforms) = preSolution
		Debug|Any CPU = Debug|Any CPU
		Debug|Mixed Platforms = Debug|Mixed Platforms
		Debug|x86 = Debug|x86
		Release|Any CPU = Release|Any CPU
		Release|Mixed Platforms = Release|Mixed Platforms
		Release|x86 = Release|x86
	EndGlobalSection
	GlobalSection(ProjectConfigurationPlatforms) = postSolution
		{826C3E38-4B6F-4A58-85BD-9237808FA864}.Debug|Any CPU.ActiveCfg = Debug|Any CPU
		{826C3E38-4B6F-4A58-85BD-9237808FA864}.Debug|Any CPU.Build.0 = Debug|Any CPU
		{826C3E38-4B6F-4A58-85BD-9237808FA864}.Debug|Mixed Platforms.ActiveCfg = Debug|Any CPU
		{826C3E38-4B6F-4A58-85BD-9237808FA864}.Debug|Mixed Platforms.Build.0 = Debug|Any CPU
		{826C3E38-4B6F-4A58-85BD-9237808FA864}.Debug|x86.ActiveCfg = Debug|Any CPU
		{826C3E38-4B6F-4A58-85BD-9237808FA864}.Release|Any CPU.ActiveCfg = Release|Any CPU
		{826C3E38-4B6F-4A58-85BD-9237808FA864}.Release|Any CPU.Build.0 = Release|Any CPU
		{826C3E38-4B6F-4A58-85BD-9237808FA864}.Release|Mixed Platforms.ActiveCfg = Release|Any CPU
		{826C3E38-4B6F-4A58-85BD-9237808FA864}.Release|Mixed Platforms.Build.0 = Release|Any CPU
		{826C3E38-4B6F-4A58-85BD-9237808FA864}.Release|x86.ActiveCfg = Release|Any CPU
		{64AB4B7C-9F09-431F-BBFA-BF9130856247}.Debug|Any CPU.ActiveCfg = Debug|Any CPU
		{64AB4B7C-9F09-431F-BBFA-BF9130856247}.Debug|Any CPU.Build.0 = Debug|Any CPU
		{64AB4B7C-9F09-431F-BBFA-BF9130856247}.Debug|Mixed Platforms.ActiveCfg = Debug|Any CPU
		{64AB4B7C-9F09-431F-BBFA-BF9130856247}.Debug|Mixed Platforms.Build.0 = Debug|Any CPU
		{64AB4B7C-9F09-431F-BBFA-BF9130856247}.Debug|x86.ActiveCfg = Debug|Any CPU
		{64AB4B7C-9F09-431F-BBFA-BF9130856247}.Release|Any CPU.ActiveCfg = Release|Any CPU
		{64AB4B7C-9F09-431F-BBFA-BF9130856247}.Release|Any CPU.Build.0 = Release|Any CPU
		{64AB4B7C-9F09-431F-BBFA-BF9130856247}.Release|Mixed Platforms.ActiveCfg = Release|Any CPU
		{64AB4B7C-9F09-431F-BBFA-BF9130856247}.Release|Mixed Platforms.Build.0 = Release|Any CPU
		{64AB4B7C-9F09-431F-BBFA-BF9130856247}.Release|x86.ActiveCfg = Release|Any CPU
		{3E45331E-FEF4-43F2-B6EB-B55E3E501B03}.Debug|Any CPU.ActiveCfg = Debug|x86
		{3E45331E-FEF4-43F2-B6EB-B55E3E501B03}.Debug|Mixed Platforms.ActiveCfg = Debug|x86
		{3E45331E-FEF4-43F2-B6EB-B55E3E501B03}.Debug|Mixed Platforms.Build.0 = Debug|x86
		{3E45331E-FEF4-43F2-B6EB-B55E3E501B03}.Debug|x86.ActiveCfg = Debug|x86
		{3E45331E-FEF4-43F2-B6EB-B55E3E501B03}.Debug|x86.Build.0 = Debug|x86
		{3E45331E-FEF4-43F2-B6EB-B55E3E501B03}.Release|Any CPU.ActiveCfg = Release|x86
		{3E45331E-FEF4-43F2-B6EB-B55E3E501B03}.Release|Mixed Platforms.ActiveCfg = Release|x86
		{3E45331E-FEF4-43F2-B6EB-B55E3E501B03}.Release|Mixed Platforms.Build.0 = Release|x86
		{3E45331E-FEF4-43F2-B6EB-B55E3E501B03}.Release|x86.ActiveCfg = Release|x86
		{3E45331E-FEF4-43F2-B6EB-B55E3E501B03}.Release|x86.Build.0 = Release|x86
		{E2E13EAD-E8CA-4623-B4BA-027F44EF58D5}.Debug|Any CPU.ActiveCfg = Debug|Any CPU
		{E2E13EAD-E8CA-4623-B4BA-027F44EF58D5}.Debug|Any CPU.Build.0 = Debug|Any CPU
		{E2E13EAD-E8CA-4623-B4BA-027F44EF58D5}.Debug|Mixed Platforms.ActiveCfg = Debug|Any CPU
		{E2E13EAD-E8CA-4623-B4BA-027F44EF58D5}.Debug|Mixed Platforms.Build.0 = Debug|Any CPU
		{E2E13EAD-E8CA-4623-B4BA-027F44EF58D5}.Debug|x86.ActiveCfg = Debug|Any CPU
		{E2E13EAD-E8CA-4623-B4BA-027F44EF58D5}.Release|Any CPU.ActiveCfg = Release|Any CPU
		{E2E13EAD-E8CA-4623-B4BA-027F44EF58D5}.Release|Any CPU.Build.0 = Release|Any CPU
		{E2E13EAD-E8CA-4623-B4BA-027F44EF58D5}.Release|Mixed Platforms.ActiveCfg = Release|Any CPU
		{E2E13EAD-E8CA-4623-B4BA-027F44EF58D5}.Release|Mixed Platforms.Build.0 = Release|Any CPU
		{E2E13EAD-E8CA-4623-B4BA-027F44EF58D5}.Release|x86.ActiveCfg = Release|Any CPU
	EndGlobalSection
	GlobalSection(SolutionProperties) = preSolution
		HideSolutionNode = FALSE
	EndGlobalSection
EndGlobal
